
Microsoft Visual Studio Solution File, Format Version 12.00
# Visual Studio Version 17
VisualStudioVersion = 17.14.36518.9 d17.14
MinimumVisualStudioVersion = 10.0.40219.1
Project("{FAE04EC0-301F-11D3-BF4B-00C04F79EFBC}") = "EHR_Reports", "EHR_Reports\EHR_Reports.csproj", "{9C86E510-FE6E-4958-A1EE-37152669FAE1}"
EndProject
Global
	GlobalSection(SolutionConfigurationPlatforms) = preSolution
		Debug|Any CPU = Debug|Any CPU
		Release|Any CPU = Release|Any CPU
	EndGlobalSection
	GlobalSection(ProjectConfigurationPlatforms) = postSolution
		{9C86E510-FE6E-4958-A1EE-37152669FAE1}.Debug|Any CPU.ActiveCfg = Debug|Any CPU
		{9C86E510-FE6E-4958-A1EE-37152669FAE1}.Debug|Any CPU.Build.0 = Debug|Any CPU
		{9C86E510-FE6E-4958-A1EE-37152669FAE1}.Release|Any CPU.ActiveCfg = Release|Any CPU
		{9C86E510-FE6E-4958-A1EE-37152669FAE1}.Release|Any CPU.Build.0 = Release|Any CPU
	EndGlobalSection
	GlobalSection(SolutionProperties) = preSolution
		HideSolutionNode = FALSE
	EndGlobalSection
	GlobalSection(ExtensibilityGlobals) = postSolution
		SolutionGuid = {720051D2-B1C8-4C08-91D7-8537A2632ECA}
	EndGlobalSection
EndGlobal
